// !$*UTF8*$!
{
	archiveVersion = 1;
	classes = {
	};
	objectVersion = 46;
	objects = {

/* Begin PBXBuildFile section */
		6CD854A7F662A8814F2B8606 /* Pods_TheSeconds.framework in Frameworks */ = {isa = PBXBuildFile; fileRef = 7AD09C6BB208ADA059E2A7ED /* Pods_TheSeconds.framework */; };
		C8036C28203B24BD002042E1 /* ButtonPressed.mp3 in Resources */ = {isa = PBXBuildFile; fileRef = C8036C27203B24BC002042E1 /* ButtonPressed.mp3 */; };
		C82265171FD1C84D00544625 /* Main.storyboard in Resources */ = {isa = PBXBuildFile; fileRef = C82265161FD1C84D00544625 /* Main.storyboard */; };
		C88058F71EF28C48001DD5A2 /* AppDelegate.swift in Sources */ = {isa = PBXBuildFile; fileRef = C88058F61EF28C48001DD5A2 /* AppDelegate.swift */; };
		C88058F91EF28C48001DD5A2 /* ViewController.swift in Sources */ = {isa = PBXBuildFile; fileRef = C88058F81EF28C48001DD5A2 /* ViewController.swift */; };
		C88058FE1EF28C49001DD5A2 /* Assets.xcassets in Resources */ = {isa = PBXBuildFile; fileRef = C88058FD1EF28C49001DD5A2 /* Assets.xcassets */; };
<<<<<<< HEAD
		C88654C9204728170050DCFD /* UIViewExtensions.swift in Sources */ = {isa = PBXBuildFile; fileRef = C88654C8204728170050DCFD /* UIViewExtensions.swift */; };
<<<<<<< HEAD
<<<<<<< HEAD
		C88654CD204B362E0050DCFD /* StarCommander1.wav in Resources */ = {isa = PBXBuildFile; fileRef = C88654CC204B362C0050DCFD /* StarCommander1.wav */; };
		C88654CF204B3BD50050DCFD /* incorrect.mp3 in Resources */ = {isa = PBXBuildFile; fileRef = C88654CE204B3BD40050DCFD /* incorrect.mp3 */; };
<<<<<<< HEAD
=======
>>>>>>> parent of 38161c9... Finished 1.2
=======
>>>>>>> parent of dbf602d... version 1.3 not finished
=======
>>>>>>> parent of 771fc91... Revert "Finished 1.2"
=======
>>>>>>> parent of 38161c9... Finished 1.2
=======
>>>>>>> parent of dbf602d... version 1.3 not finished
		C88DA30D2020CA3900E3FBDD /* CircleProgress.swift in Sources */ = {isa = PBXBuildFile; fileRef = C88DA30C2020CA3900E3FBDD /* CircleProgress.swift */; };
		C88DA3102020D5BE00E3FBDD /* Trattatello.ttf in Resources */ = {isa = PBXBuildFile; fileRef = C88DA30E2020CD7F00E3FBDD /* Trattatello.ttf */; };
		C8A142822030D8CE00562A35 /* GameKit.framework in Frameworks */ = {isa = PBXBuildFile; fileRef = C8A142812030D8CE00562A35 /* GameKit.framework */; };
		EB07A2481F486DC100467A1E /* ContainerController.swift in Sources */ = {isa = PBXBuildFile; fileRef = EB07A2471F486DC100467A1E /* ContainerController.swift */; };
		EB07A24A1F48765700467A1E /* ShopController.swift in Sources */ = {isa = PBXBuildFile; fileRef = EB07A2491F48765700467A1E /* ShopController.swift */; };
		EB07A24D1F4876CD00467A1E /* PowerUp.swift in Sources */ = {isa = PBXBuildFile; fileRef = EB07A24C1F4876CD00467A1E /* PowerUp.swift */; };
		EB07A24F1F48782B00467A1E /* ShopTableViewCell.swift in Sources */ = {isa = PBXBuildFile; fileRef = EB07A24E1F48782B00467A1E /* ShopTableViewCell.swift */; };
		EB07A2531F48801300467A1E /* ShopTableViewCell.xib in Resources */ = {isa = PBXBuildFile; fileRef = EB07A2521F48801300467A1E /* ShopTableViewCell.xib */; };
		EB1D44B41F1E379A00BE8772 /* LaunchScreen.storyboard in Resources */ = {isa = PBXBuildFile; fileRef = EB1D44B21F1E379A00BE8772 /* LaunchScreen.storyboard */; };
		EBD9B9911F4C38B30073A6DE /* GoogleService-Info.plist in Resources */ = {isa = PBXBuildFile; fileRef = EBD9B9901F4C38B30073A6DE /* GoogleService-Info.plist */; };
		EBF45EDB1F5C8E5700305A73 /* APIService.swift in Sources */ = {isa = PBXBuildFile; fileRef = EBF45EDA1F5C8E5600305A73 /* APIService.swift */; };
/* End PBXBuildFile section */

/* Begin PBXFileReference section */
		00F85900F9CF4CA4C531D7BF /* Pods-TheSeconds.release.xcconfig */ = {isa = PBXFileReference; includeInIndex = 1; lastKnownFileType = text.xcconfig; name = "Pods-TheSeconds.release.xcconfig"; path = "Pods/Target Support Files/Pods-TheSeconds/Pods-TheSeconds.release.xcconfig"; sourceTree = "<group>"; };
		6E257AD1041A2CB7F9F428C6 /* Pods-TheSeconds.debug.xcconfig */ = {isa = PBXFileReference; includeInIndex = 1; lastKnownFileType = text.xcconfig; name = "Pods-TheSeconds.debug.xcconfig"; path = "Pods/Target Support Files/Pods-TheSeconds/Pods-TheSeconds.debug.xcconfig"; sourceTree = "<group>"; };
		7AD09C6BB208ADA059E2A7ED /* Pods_TheSeconds.framework */ = {isa = PBXFileReference; explicitFileType = wrapper.framework; includeInIndex = 0; path = Pods_TheSeconds.framework; sourceTree = BUILT_PRODUCTS_DIR; };
		C8036C27203B24BC002042E1 /* ButtonPressed.mp3 */ = {isa = PBXFileReference; lastKnownFileType = audio.mp3; path = ButtonPressed.mp3; sourceTree = "<group>"; };
		C82265161FD1C84D00544625 /* Main.storyboard */ = {isa = PBXFileReference; fileEncoding = 4; lastKnownFileType = file.storyboard; path = Main.storyboard; sourceTree = "<group>"; };
		C88058F31EF28C48001DD5A2 /* TheSeconds.app */ = {isa = PBXFileReference; explicitFileType = wrapper.application; includeInIndex = 0; path = TheSeconds.app; sourceTree = BUILT_PRODUCTS_DIR; };
		C88058F61EF28C48001DD5A2 /* AppDelegate.swift */ = {isa = PBXFileReference; lastKnownFileType = sourcecode.swift; path = AppDelegate.swift; sourceTree = "<group>"; };
		C88058F81EF28C48001DD5A2 /* ViewController.swift */ = {isa = PBXFileReference; lastKnownFileType = sourcecode.swift; path = ViewController.swift; sourceTree = "<group>"; };
		C88058FD1EF28C49001DD5A2 /* Assets.xcassets */ = {isa = PBXFileReference; lastKnownFileType = folder.assetcatalog; path = Assets.xcassets; sourceTree = "<group>"; };
		C88059021EF28C49001DD5A2 /* Info.plist */ = {isa = PBXFileReference; lastKnownFileType = text.plist.xml; path = Info.plist; sourceTree = "<group>"; };
<<<<<<< HEAD
		C88654C8204728170050DCFD /* UIViewExtensions.swift */ = {isa = PBXFileReference; lastKnownFileType = sourcecode.swift; path = UIViewExtensions.swift; sourceTree = "<group>"; };
<<<<<<< HEAD
<<<<<<< HEAD
		C88654CC204B362C0050DCFD /* StarCommander1.wav */ = {isa = PBXFileReference; lastKnownFileType = audio.wav; path = StarCommander1.wav; sourceTree = "<group>"; };
		C88654CE204B3BD40050DCFD /* incorrect.mp3 */ = {isa = PBXFileReference; lastKnownFileType = audio.mp3; path = incorrect.mp3; sourceTree = "<group>"; };
<<<<<<< HEAD
=======
>>>>>>> parent of 38161c9... Finished 1.2
=======
>>>>>>> parent of dbf602d... version 1.3 not finished
=======
>>>>>>> parent of 771fc91... Revert "Finished 1.2"
=======
>>>>>>> parent of 38161c9... Finished 1.2
=======
>>>>>>> parent of dbf602d... version 1.3 not finished
		C88DA30C2020CA3900E3FBDD /* CircleProgress.swift */ = {isa = PBXFileReference; lastKnownFileType = sourcecode.swift; path = CircleProgress.swift; sourceTree = "<group>"; };
		C88DA30E2020CD7F00E3FBDD /* Trattatello.ttf */ = {isa = PBXFileReference; lastKnownFileType = file; path = Trattatello.ttf; sourceTree = "<group>"; };
		C8A1427A2030B80A00562A35 /* TheSeconds.entitlements */ = {isa = PBXFileReference; lastKnownFileType = text.plist.entitlements; path = TheSeconds.entitlements; sourceTree = "<group>"; };
		C8A142812030D8CE00562A35 /* GameKit.framework */ = {isa = PBXFileReference; lastKnownFileType = wrapper.framework; name = GameKit.framework; path = System/Library/Frameworks/GameKit.framework; sourceTree = SDKROOT; };
		EB07A2471F486DC100467A1E /* ContainerController.swift */ = {isa = PBXFileReference; fileEncoding = 4; lastKnownFileType = sourcecode.swift; path = ContainerController.swift; sourceTree = "<group>"; };
		EB07A2491F48765700467A1E /* ShopController.swift */ = {isa = PBXFileReference; fileEncoding = 4; lastKnownFileType = sourcecode.swift; path = ShopController.swift; sourceTree = "<group>"; };
		EB07A24C1F4876CD00467A1E /* PowerUp.swift */ = {isa = PBXFileReference; fileEncoding = 4; lastKnownFileType = sourcecode.swift; path = PowerUp.swift; sourceTree = "<group>"; };
		EB07A24E1F48782B00467A1E /* ShopTableViewCell.swift */ = {isa = PBXFileReference; fileEncoding = 4; lastKnownFileType = sourcecode.swift; path = ShopTableViewCell.swift; sourceTree = "<group>"; };
		EB07A2521F48801300467A1E /* ShopTableViewCell.xib */ = {isa = PBXFileReference; fileEncoding = 4; lastKnownFileType = file.xib; path = ShopTableViewCell.xib; sourceTree = "<group>"; };
		EB1D44B31F1E379A00BE8772 /* Base */ = {isa = PBXFileReference; lastKnownFileType = file.storyboard; name = Base; path = Base.lproj/LaunchScreen.storyboard; sourceTree = "<group>"; };
		EBD9B9901F4C38B30073A6DE /* GoogleService-Info.plist */ = {isa = PBXFileReference; fileEncoding = 4; lastKnownFileType = text.plist.xml; path = "GoogleService-Info.plist"; sourceTree = "<group>"; };
		EBF45EDA1F5C8E5600305A73 /* APIService.swift */ = {isa = PBXFileReference; fileEncoding = 4; lastKnownFileType = sourcecode.swift; path = APIService.swift; sourceTree = "<group>"; };
/* End PBXFileReference section */

/* Begin PBXFrameworksBuildPhase section */
		C88058F01EF28C48001DD5A2 /* Frameworks */ = {
			isa = PBXFrameworksBuildPhase;
			buildActionMask = 2147483647;
			files = (
				6CD854A7F662A8814F2B8606 /* Pods_TheSeconds.framework in Frameworks */,
				C8A142822030D8CE00562A35 /* GameKit.framework in Frameworks */,
			);
			runOnlyForDeploymentPostprocessing = 0;
		};
/* End PBXFrameworksBuildPhase section */

/* Begin PBXGroup section */
		4565151CA9C263F4B985DCF2 /* Frameworks */ = {
			isa = PBXGroup;
			children = (
				C8A142812030D8CE00562A35 /* GameKit.framework */,
				7AD09C6BB208ADA059E2A7ED /* Pods_TheSeconds.framework */,
			);
			name = Frameworks;
			sourceTree = "<group>";
		};
		C88058EA1EF28C47001DD5A2 = {
			isa = PBXGroup;
			children = (
				C88058F51EF28C48001DD5A2 /* TheSeconds */,
				C88058F41EF28C48001DD5A2 /* Products */,
				E9CC8928A59E885EB3CFFC1E /* Pods */,
				4565151CA9C263F4B985DCF2 /* Frameworks */,
			);
			sourceTree = "<group>";
		};
		C88058F41EF28C48001DD5A2 /* Products */ = {
			isa = PBXGroup;
			children = (
				C88058F31EF28C48001DD5A2 /* TheSeconds.app */,
			);
			name = Products;
			sourceTree = "<group>";
		};
		C88058F51EF28C48001DD5A2 /* TheSeconds */ = {
			isa = PBXGroup;
			children = (
				C8A1427A2030B80A00562A35 /* TheSeconds.entitlements */,
				C88058F61EF28C48001DD5A2 /* AppDelegate.swift */,
				EBF45EDA1F5C8E5600305A73 /* APIService.swift */,
				C88DA30B2020CA0000E3FBDD /* View */,
				EB07A24B1F4876BD00467A1E /* Model */,
				EB07A2511F48783300467A1E /* Main Game */,
				EB07A2501F48782E00467A1E /* Shop */,
				EB1D44B21F1E379A00BE8772 /* LaunchScreen.storyboard */,
				C82265161FD1C84D00544625 /* Main.storyboard */,
				C88058FD1EF28C49001DD5A2 /* Assets.xcassets */,
				C88DA30F2020CD8B00E3FBDD /* Project files */,
			);
			path = TheSeconds;
			sourceTree = "<group>";
		};
<<<<<<< HEAD
		C88654CA2047283E0050DCFD /* Extensions */ = {
			isa = PBXGroup;
			children = (
				C88654C8204728170050DCFD /* UIViewExtensions.swift */,
			);
			name = Extensions;
			sourceTree = "<group>";
		};
<<<<<<< HEAD
<<<<<<< HEAD
		C88654CB204995BE0050DCFD /* Sounds */ = {
			isa = PBXGroup;
			children = (
				C8036C27203B24BC002042E1 /* ButtonPressed.mp3 */,
				C88654CC204B362C0050DCFD /* StarCommander1.wav */,
				C88654CE204B3BD40050DCFD /* incorrect.mp3 */,
			);
			name = Sounds;
			sourceTree = "<group>";
		};
<<<<<<< HEAD
=======
>>>>>>> parent of 38161c9... Finished 1.2
=======
>>>>>>> parent of dbf602d... version 1.3 not finished
=======
>>>>>>> parent of 771fc91... Revert "Finished 1.2"
=======
>>>>>>> parent of 38161c9... Finished 1.2
=======
>>>>>>> parent of dbf602d... version 1.3 not finished
		C88DA30B2020CA0000E3FBDD /* View */ = {
			isa = PBXGroup;
			children = (
				C88DA30C2020CA3900E3FBDD /* CircleProgress.swift */,
			);
			path = View;
			sourceTree = "<group>";
		};
		C88DA30F2020CD8B00E3FBDD /* Project files */ = {
			isa = PBXGroup;
			children = (
				C8036C27203B24BC002042E1 /* ButtonPressed.mp3 */,
				C88DA30E2020CD7F00E3FBDD /* Trattatello.ttf */,
				C88059021EF28C49001DD5A2 /* Info.plist */,
				EBD9B9901F4C38B30073A6DE /* GoogleService-Info.plist */,
			);
			name = "Project files";
			sourceTree = "<group>";
		};
		E9CC8928A59E885EB3CFFC1E /* Pods */ = {
			isa = PBXGroup;
			children = (
				6E257AD1041A2CB7F9F428C6 /* Pods-TheSeconds.debug.xcconfig */,
				00F85900F9CF4CA4C531D7BF /* Pods-TheSeconds.release.xcconfig */,
			);
			name = Pods;
			sourceTree = "<group>";
		};
		EB07A24B1F4876BD00467A1E /* Model */ = {
			isa = PBXGroup;
			children = (
				EB07A24C1F4876CD00467A1E /* PowerUp.swift */,
			);
			name = Model;
			sourceTree = "<group>";
		};
		EB07A2501F48782E00467A1E /* Shop */ = {
			isa = PBXGroup;
			children = (
				EB07A2491F48765700467A1E /* ShopController.swift */,
				EB07A24E1F48782B00467A1E /* ShopTableViewCell.swift */,
				EB07A2521F48801300467A1E /* ShopTableViewCell.xib */,
			);
			name = Shop;
			sourceTree = "<group>";
		};
		EB07A2511F48783300467A1E /* Main Game */ = {
			isa = PBXGroup;
			children = (
				C88058F81EF28C48001DD5A2 /* ViewController.swift */,
				EB07A2471F486DC100467A1E /* ContainerController.swift */,
			);
			name = "Main Game";
			sourceTree = "<group>";
		};
/* End PBXGroup section */

/* Begin PBXNativeTarget section */
		C88058F21EF28C48001DD5A2 /* TheSeconds */ = {
			isa = PBXNativeTarget;
			buildConfigurationList = C88059051EF28C49001DD5A2 /* Build configuration list for PBXNativeTarget "TheSeconds" */;
			buildPhases = (
				DCAEB5B7FDF0CD7FDDD92D8E /* [CP] Check Pods Manifest.lock */,
				C88058EF1EF28C48001DD5A2 /* Sources */,
				C88058F01EF28C48001DD5A2 /* Frameworks */,
				C88058F11EF28C48001DD5A2 /* Resources */,
				F713293ADCD7A0B8D25181DD /* [CP] Embed Pods Frameworks */,
				EBB5482C720531E448EF743E /* [CP] Copy Pods Resources */,
			);
			buildRules = (
			);
			dependencies = (
			);
			name = TheSeconds;
			productName = TheSeconds;
			productReference = C88058F31EF28C48001DD5A2 /* TheSeconds.app */;
			productType = "com.apple.product-type.application";
		};
/* End PBXNativeTarget section */

/* Begin PBXProject section */
		C88058EB1EF28C47001DD5A2 /* Project object */ = {
			isa = PBXProject;
			attributes = {
				LastSwiftUpdateCheck = 0820;
				LastUpgradeCheck = 0820;
				ORGANIZATIONNAME = "Edoardo de Cal";
				TargetAttributes = {
					C88058F21EF28C48001DD5A2 = {
						CreatedOnToolsVersion = 8.2.1;
						DevelopmentTeam = G99G8858YN;
						LastSwiftMigration = 0910;
						ProvisioningStyle = Automatic;
						SystemCapabilities = {
							com.apple.GameCenter = {
								enabled = 1;
							};
							com.apple.Push = {
								enabled = 0;
							};
						};
					};
				};
			};
			buildConfigurationList = C88058EE1EF28C47001DD5A2 /* Build configuration list for PBXProject "TheSeconds" */;
			compatibilityVersion = "Xcode 3.2";
			developmentRegion = English;
			hasScannedForEncodings = 0;
			knownRegions = (
				en,
				Base,
			);
			mainGroup = C88058EA1EF28C47001DD5A2;
			productRefGroup = C88058F41EF28C48001DD5A2 /* Products */;
			projectDirPath = "";
			projectRoot = "";
			targets = (
				C88058F21EF28C48001DD5A2 /* TheSeconds */,
			);
		};
/* End PBXProject section */

/* Begin PBXResourcesBuildPhase section */
		C88058F11EF28C48001DD5A2 /* Resources */ = {
			isa = PBXResourcesBuildPhase;
			buildActionMask = 2147483647;
			files = (
				C88DA3102020D5BE00E3FBDD /* Trattatello.ttf in Resources */,
				EB1D44B41F1E379A00BE8772 /* LaunchScreen.storyboard in Resources */,
				C88058FE1EF28C49001DD5A2 /* Assets.xcassets in Resources */,
				EB07A2531F48801300467A1E /* ShopTableViewCell.xib in Resources */,
				C82265171FD1C84D00544625 /* Main.storyboard in Resources */,
				EBD9B9911F4C38B30073A6DE /* GoogleService-Info.plist in Resources */,
				C8036C28203B24BD002042E1 /* ButtonPressed.mp3 in Resources */,
			);
			runOnlyForDeploymentPostprocessing = 0;
		};
/* End PBXResourcesBuildPhase section */

/* Begin PBXShellScriptBuildPhase section */
		DCAEB5B7FDF0CD7FDDD92D8E /* [CP] Check Pods Manifest.lock */ = {
			isa = PBXShellScriptBuildPhase;
			buildActionMask = 2147483647;
			files = (
			);
			inputPaths = (
				"${PODS_PODFILE_DIR_PATH}/Podfile.lock",
				"${PODS_ROOT}/Manifest.lock",
			);
			name = "[CP] Check Pods Manifest.lock";
			outputPaths = (
				"$(DERIVED_FILE_DIR)/Pods-TheSeconds-checkManifestLockResult.txt",
			);
			runOnlyForDeploymentPostprocessing = 0;
			shellPath = /bin/sh;
			shellScript = "diff \"${PODS_PODFILE_DIR_PATH}/Podfile.lock\" \"${PODS_ROOT}/Manifest.lock\" > /dev/null\nif [ $? != 0 ] ; then\n    # print error to STDERR\n    echo \"error: The sandbox is not in sync with the Podfile.lock. Run 'pod install' or update your CocoaPods installation.\" >&2\n    exit 1\nfi\n# This output is used by Xcode 'outputs' to avoid re-running this script phase.\necho \"SUCCESS\" > \"${SCRIPT_OUTPUT_FILE_0}\"\n";
			showEnvVarsInLog = 0;
		};
		EBB5482C720531E448EF743E /* [CP] Copy Pods Resources */ = {
			isa = PBXShellScriptBuildPhase;
			buildActionMask = 2147483647;
			files = (
			);
			inputPaths = (
			);
			name = "[CP] Copy Pods Resources";
			outputPaths = (
			);
			runOnlyForDeploymentPostprocessing = 0;
			shellPath = /bin/sh;
			shellScript = "\"${SRCROOT}/Pods/Target Support Files/Pods-TheSeconds/Pods-TheSeconds-resources.sh\"\n";
			showEnvVarsInLog = 0;
		};
		F713293ADCD7A0B8D25181DD /* [CP] Embed Pods Frameworks */ = {
			isa = PBXShellScriptBuildPhase;
			buildActionMask = 2147483647;
			files = (
			);
			inputPaths = (
				"${SRCROOT}/Pods/Target Support Files/Pods-TheSeconds/Pods-TheSeconds-frameworks.sh",
				"${BUILT_PRODUCTS_DIR}/GoogleToolboxForMac/GoogleToolboxForMac.framework",
				"${BUILT_PRODUCTS_DIR}/Hue/Hue.framework",
				"${BUILT_PRODUCTS_DIR}/Kingfisher/Kingfisher.framework",
				"${BUILT_PRODUCTS_DIR}/SAConfettiView/SAConfettiView.framework",
<<<<<<< HEAD
<<<<<<< HEAD
<<<<<<< HEAD
<<<<<<< HEAD
<<<<<<< HEAD
				"${BUILT_PRODUCTS_DIR}/SwiftySound/SwiftySound.framework",
=======
				"${BUILT_PRODUCTS_DIR}/SimulatorStatusMagic/SimulatorStatusMagic.framework",
>>>>>>> parent of 38161c9... Finished 1.2
=======
>>>>>>> parent of dbf602d... version 1.3 not finished
=======
				"${BUILT_PRODUCTS_DIR}/SwiftySound/SwiftySound.framework",
>>>>>>> parent of 771fc91... Revert "Finished 1.2"
=======
				"${BUILT_PRODUCTS_DIR}/SimulatorStatusMagic/SimulatorStatusMagic.framework",
>>>>>>> parent of 38161c9... Finished 1.2
=======
>>>>>>> parent of dbf602d... version 1.3 not finished
				"${BUILT_PRODUCTS_DIR}/leveldb-library/leveldb.framework",
				"${BUILT_PRODUCTS_DIR}/nanopb/nanopb.framework",
			);
			name = "[CP] Embed Pods Frameworks";
			outputPaths = (
				"${TARGET_BUILD_DIR}/${FRAMEWORKS_FOLDER_PATH}/GoogleToolboxForMac.framework",
				"${TARGET_BUILD_DIR}/${FRAMEWORKS_FOLDER_PATH}/Hue.framework",
				"${TARGET_BUILD_DIR}/${FRAMEWORKS_FOLDER_PATH}/Kingfisher.framework",
				"${TARGET_BUILD_DIR}/${FRAMEWORKS_FOLDER_PATH}/SAConfettiView.framework",
<<<<<<< HEAD
<<<<<<< HEAD
<<<<<<< HEAD
<<<<<<< HEAD
<<<<<<< HEAD
				"${TARGET_BUILD_DIR}/${FRAMEWORKS_FOLDER_PATH}/SwiftySound.framework",
=======
				"${TARGET_BUILD_DIR}/${FRAMEWORKS_FOLDER_PATH}/SimulatorStatusMagic.framework",
>>>>>>> parent of 38161c9... Finished 1.2
=======
>>>>>>> parent of dbf602d... version 1.3 not finished
=======
				"${TARGET_BUILD_DIR}/${FRAMEWORKS_FOLDER_PATH}/SwiftySound.framework",
>>>>>>> parent of 771fc91... Revert "Finished 1.2"
=======
				"${TARGET_BUILD_DIR}/${FRAMEWORKS_FOLDER_PATH}/SimulatorStatusMagic.framework",
>>>>>>> parent of 38161c9... Finished 1.2
=======
>>>>>>> parent of dbf602d... version 1.3 not finished
				"${TARGET_BUILD_DIR}/${FRAMEWORKS_FOLDER_PATH}/leveldb.framework",
				"${TARGET_BUILD_DIR}/${FRAMEWORKS_FOLDER_PATH}/nanopb.framework",
			);
			runOnlyForDeploymentPostprocessing = 0;
			shellPath = /bin/sh;
			shellScript = "\"${SRCROOT}/Pods/Target Support Files/Pods-TheSeconds/Pods-TheSeconds-frameworks.sh\"\n";
			showEnvVarsInLog = 0;
		};
/* End PBXShellScriptBuildPhase section */

/* Begin PBXSourcesBuildPhase section */
		C88058EF1EF28C48001DD5A2 /* Sources */ = {
			isa = PBXSourcesBuildPhase;
			buildActionMask = 2147483647;
			files = (
				C88058F91EF28C48001DD5A2 /* ViewController.swift in Sources */,
				C88058F71EF28C48001DD5A2 /* AppDelegate.swift in Sources */,
				EB07A2481F486DC100467A1E /* ContainerController.swift in Sources */,
				EB07A24D1F4876CD00467A1E /* PowerUp.swift in Sources */,
				EB07A24F1F48782B00467A1E /* ShopTableViewCell.swift in Sources */,
				EBF45EDB1F5C8E5700305A73 /* APIService.swift in Sources */,
				C88DA30D2020CA3900E3FBDD /* CircleProgress.swift in Sources */,
				EB07A24A1F48765700467A1E /* ShopController.swift in Sources */,
			);
			runOnlyForDeploymentPostprocessing = 0;
		};
/* End PBXSourcesBuildPhase section */

/* Begin PBXVariantGroup section */
		EB1D44B21F1E379A00BE8772 /* LaunchScreen.storyboard */ = {
			isa = PBXVariantGroup;
			children = (
				EB1D44B31F1E379A00BE8772 /* Base */,
			);
			name = LaunchScreen.storyboard;
			sourceTree = "<group>";
		};
/* End PBXVariantGroup section */

/* Begin XCBuildConfiguration section */
		C88059031EF28C49001DD5A2 /* Debug */ = {
			isa = XCBuildConfiguration;
			buildSettings = {
				ALWAYS_SEARCH_USER_PATHS = NO;
				CLANG_ANALYZER_NONNULL = YES;
				CLANG_CXX_LANGUAGE_STANDARD = "gnu++0x";
				CLANG_CXX_LIBRARY = "libc++";
				CLANG_ENABLE_MODULES = YES;
				CLANG_ENABLE_OBJC_ARC = YES;
				CLANG_WARN_BOOL_CONVERSION = YES;
				CLANG_WARN_CONSTANT_CONVERSION = YES;
				CLANG_WARN_DIRECT_OBJC_ISA_USAGE = YES_ERROR;
				CLANG_WARN_DOCUMENTATION_COMMENTS = YES;
				CLANG_WARN_EMPTY_BODY = YES;
				CLANG_WARN_ENUM_CONVERSION = YES;
				CLANG_WARN_INFINITE_RECURSION = YES;
				CLANG_WARN_INT_CONVERSION = YES;
				CLANG_WARN_OBJC_ROOT_CLASS = YES_ERROR;
				CLANG_WARN_SUSPICIOUS_MOVE = YES;
				CLANG_WARN_UNREACHABLE_CODE = YES;
				CLANG_WARN__DUPLICATE_METHOD_MATCH = YES;
				"CODE_SIGN_IDENTITY[sdk=iphoneos*]" = "iPhone Developer";
				COPY_PHASE_STRIP = NO;
				DEBUG_INFORMATION_FORMAT = dwarf;
				ENABLE_STRICT_OBJC_MSGSEND = YES;
				ENABLE_TESTABILITY = YES;
				GCC_C_LANGUAGE_STANDARD = gnu99;
				GCC_DYNAMIC_NO_PIC = NO;
				GCC_NO_COMMON_BLOCKS = YES;
				GCC_OPTIMIZATION_LEVEL = 0;
				GCC_PREPROCESSOR_DEFINITIONS = (
					"DEBUG=1",
					"$(inherited)",
				);
				GCC_WARN_64_TO_32_BIT_CONVERSION = YES;
				GCC_WARN_ABOUT_RETURN_TYPE = YES_ERROR;
				GCC_WARN_UNDECLARED_SELECTOR = YES;
				GCC_WARN_UNINITIALIZED_AUTOS = YES_AGGRESSIVE;
				GCC_WARN_UNUSED_FUNCTION = YES;
				GCC_WARN_UNUSED_VARIABLE = YES;
				IPHONEOS_DEPLOYMENT_TARGET = 10.2;
				MTL_ENABLE_DEBUG_INFO = YES;
				ONLY_ACTIVE_ARCH = YES;
				SDKROOT = iphoneos;
				SWIFT_ACTIVE_COMPILATION_CONDITIONS = DEBUG;
				SWIFT_OPTIMIZATION_LEVEL = "-Onone";
				TARGETED_DEVICE_FAMILY = "1,2";
			};
			name = Debug;
		};
		C88059041EF28C49001DD5A2 /* Release */ = {
			isa = XCBuildConfiguration;
			buildSettings = {
				ALWAYS_SEARCH_USER_PATHS = NO;
				CLANG_ANALYZER_NONNULL = YES;
				CLANG_CXX_LANGUAGE_STANDARD = "gnu++0x";
				CLANG_CXX_LIBRARY = "libc++";
				CLANG_ENABLE_MODULES = YES;
				CLANG_ENABLE_OBJC_ARC = YES;
				CLANG_WARN_BOOL_CONVERSION = YES;
				CLANG_WARN_CONSTANT_CONVERSION = YES;
				CLANG_WARN_DIRECT_OBJC_ISA_USAGE = YES_ERROR;
				CLANG_WARN_DOCUMENTATION_COMMENTS = YES;
				CLANG_WARN_EMPTY_BODY = YES;
				CLANG_WARN_ENUM_CONVERSION = YES;
				CLANG_WARN_INFINITE_RECURSION = YES;
				CLANG_WARN_INT_CONVERSION = YES;
				CLANG_WARN_OBJC_ROOT_CLASS = YES_ERROR;
				CLANG_WARN_SUSPICIOUS_MOVE = YES;
				CLANG_WARN_UNREACHABLE_CODE = YES;
				CLANG_WARN__DUPLICATE_METHOD_MATCH = YES;
				"CODE_SIGN_IDENTITY[sdk=iphoneos*]" = "iPhone Developer";
				COPY_PHASE_STRIP = NO;
				DEBUG_INFORMATION_FORMAT = "dwarf-with-dsym";
				ENABLE_NS_ASSERTIONS = NO;
				ENABLE_STRICT_OBJC_MSGSEND = YES;
				GCC_C_LANGUAGE_STANDARD = gnu99;
				GCC_NO_COMMON_BLOCKS = YES;
				GCC_WARN_64_TO_32_BIT_CONVERSION = YES;
				GCC_WARN_ABOUT_RETURN_TYPE = YES_ERROR;
				GCC_WARN_UNDECLARED_SELECTOR = YES;
				GCC_WARN_UNINITIALIZED_AUTOS = YES_AGGRESSIVE;
				GCC_WARN_UNUSED_FUNCTION = YES;
				GCC_WARN_UNUSED_VARIABLE = YES;
				IPHONEOS_DEPLOYMENT_TARGET = 10.2;
				MTL_ENABLE_DEBUG_INFO = NO;
				SDKROOT = iphoneos;
				SWIFT_OPTIMIZATION_LEVEL = "-Owholemodule";
				TARGETED_DEVICE_FAMILY = "1,2";
				VALIDATE_PRODUCT = YES;
			};
			name = Release;
		};
		C88059061EF28C49001DD5A2 /* Debug */ = {
			isa = XCBuildConfiguration;
			baseConfigurationReference = 6E257AD1041A2CB7F9F428C6 /* Pods-TheSeconds.debug.xcconfig */;
			buildSettings = {
				ASSETCATALOG_COMPILER_APPICON_NAME = AppIcon;
				DEVELOPMENT_TEAM = G99G8858YN;
				INFOPLIST_FILE = TheSeconds/Info.plist;
				IPHONEOS_DEPLOYMENT_TARGET = 10.2;
				LD_RUNPATH_SEARCH_PATHS = "$(inherited) @executable_path/Frameworks";
				PRODUCT_BUNDLE_IDENTIFIER = com.cesaredecal.second;
				PRODUCT_NAME = "$(TARGET_NAME)";
				SWIFT_SWIFT3_OBJC_INFERENCE = On;
				SWIFT_VERSION = 4.0;
				TARGETED_DEVICE_FAMILY = "1,2";
			};
			name = Debug;
		};
		C88059071EF28C49001DD5A2 /* Release */ = {
			isa = XCBuildConfiguration;
			baseConfigurationReference = 00F85900F9CF4CA4C531D7BF /* Pods-TheSeconds.release.xcconfig */;
			buildSettings = {
				ASSETCATALOG_COMPILER_APPICON_NAME = AppIcon;
				DEVELOPMENT_TEAM = G99G8858YN;
				INFOPLIST_FILE = TheSeconds/Info.plist;
				IPHONEOS_DEPLOYMENT_TARGET = 10.2;
				LD_RUNPATH_SEARCH_PATHS = "$(inherited) @executable_path/Frameworks";
				PRODUCT_BUNDLE_IDENTIFIER = com.cesaredecal.second;
				PRODUCT_NAME = "$(TARGET_NAME)";
				SWIFT_SWIFT3_OBJC_INFERENCE = On;
				SWIFT_VERSION = 4.0;
				TARGETED_DEVICE_FAMILY = "1,2";
			};
			name = Release;
		};
/* End XCBuildConfiguration section */

/* Begin XCConfigurationList section */
		C88058EE1EF28C47001DD5A2 /* Build configuration list for PBXProject "TheSeconds" */ = {
			isa = XCConfigurationList;
			buildConfigurations = (
				C88059031EF28C49001DD5A2 /* Debug */,
				C88059041EF28C49001DD5A2 /* Release */,
			);
			defaultConfigurationIsVisible = 0;
			defaultConfigurationName = Release;
		};
		C88059051EF28C49001DD5A2 /* Build configuration list for PBXNativeTarget "TheSeconds" */ = {
			isa = XCConfigurationList;
			buildConfigurations = (
				C88059061EF28C49001DD5A2 /* Debug */,
				C88059071EF28C49001DD5A2 /* Release */,
			);
			defaultConfigurationIsVisible = 0;
			defaultConfigurationName = Release;
		};
/* End XCConfigurationList section */
	};
	rootObject = C88058EB1EF28C47001DD5A2 /* Project object */;
}
